
Microsoft Visual Studio Solution File, Format Version 12.00
# Visual Studio Version 17
VisualStudioVersion = 17.3.32929.385
MinimumVisualStudioVersion = 10.0.40219.1
Project("{FAE04EC0-301F-11D3-BF4B-00C04F79EFBC}") = "YemekTarifi", "YemekTarifi\YemekTarifi.csproj", "{D2AE64EC-1C86-4BBF-A532-F2C7934FAEC6}"
EndProject
Global
	GlobalSection(SolutionConfigurationPlatforms) = preSolution
		Debug|Any CPU = Debug|Any CPU
		Release|Any CPU = Release|Any CPU
	EndGlobalSection
	GlobalSection(ProjectConfigurationPlatforms) = postSolution
		{D2AE64EC-1C86-4BBF-A532-F2C7934FAEC6}.Debug|Any CPU.ActiveCfg = Debug|Any CPU
		{D2AE64EC-1C86-4BBF-A532-F2C7934FAEC6}.Debug|Any CPU.Build.0 = Debug|Any CPU
		{D2AE64EC-1C86-4BBF-A532-F2C7934FAEC6}.Release|Any CPU.ActiveCfg = Release|Any CPU
		{D2AE64EC-1C86-4BBF-A532-F2C7934FAEC6}.Release|Any CPU.Build.0 = Release|Any CPU
	EndGlobalSection
	GlobalSection(SolutionProperties) = preSolution
		HideSolutionNode = FALSE
	EndGlobalSection
	GlobalSection(ExtensibilityGlobals) = postSolution
		SolutionGuid = {942DC503-F13C-4E8E-A485-F83DDB272847}
	EndGlobalSection
EndGlobal
